
Microsoft Visual Studio Solution File, Format Version 12.00
# Visual Studio Version 17
VisualStudioVersion = 17.0.32014.148
MinimumVisualStudioVersion = 10.0.40219.1
Project("{9A19103F-16F7-4668-BE54-9A1E7A4F7556}") = "IsometrixTest.StringCalculator", "IsometrixTest.StringCalculator\IsometrixTest.StringCalculator.csproj", "{01797F02-E4F5-4A87-A44C-CFAD2320C954}"
EndProject
Project("{FAE04EC0-301F-11D3-BF4B-00C04F79EFBC}") = "IsometrixTest.StringCalculator.Tests", "IsometrixTest.StringCalculator.Tests\IsometrixTest.StringCalculator.Tests.csproj", "{48C086B7-38FF-4759-991C-3A0CA563D588}"
EndProject
Project("{FAE04EC0-301F-11D3-BF4B-00C04F79EFBC}") = "IsometrixTest.LinkedList", "IsometrixTest.LinkedList\IsometrixTest.LinkedList.csproj", "{DA3BA189-297F-47FF-820B-4DDBFCAD425D}"
EndProject
Project("{2150E333-8FDC-42A3-9474-1A3956D46DE8}") = "DesignPatterns", "DesignPatterns", "{E407A8FF-6713-4638-9B78-56D6AF7C7857}"
	ProjectSection(SolutionItems) = preProject
		IsometrixTest.DesignPatterns\DesignPatterns.md = IsometrixTest.DesignPatterns\DesignPatterns.md
		C:\Users\GM\Documents\Lightshot\SubscriberPublisherDiagram.png = C:\Users\GM\Documents\Lightshot\SubscriberPublisherDiagram.png
	EndProjectSection
EndProject
Global
	GlobalSection(SolutionConfigurationPlatforms) = preSolution
		Debug|Any CPU = Debug|Any CPU
		Release|Any CPU = Release|Any CPU
	EndGlobalSection
	GlobalSection(ProjectConfigurationPlatforms) = postSolution
		{01797F02-E4F5-4A87-A44C-CFAD2320C954}.Debug|Any CPU.ActiveCfg = Debug|Any CPU
		{01797F02-E4F5-4A87-A44C-CFAD2320C954}.Debug|Any CPU.Build.0 = Debug|Any CPU
		{01797F02-E4F5-4A87-A44C-CFAD2320C954}.Release|Any CPU.ActiveCfg = Release|Any CPU
		{01797F02-E4F5-4A87-A44C-CFAD2320C954}.Release|Any CPU.Build.0 = Release|Any CPU
		{48C086B7-38FF-4759-991C-3A0CA563D588}.Debug|Any CPU.ActiveCfg = Debug|Any CPU
		{48C086B7-38FF-4759-991C-3A0CA563D588}.Debug|Any CPU.Build.0 = Debug|Any CPU
		{48C086B7-38FF-4759-991C-3A0CA563D588}.Release|Any CPU.ActiveCfg = Release|Any CPU
		{48C086B7-38FF-4759-991C-3A0CA563D588}.Release|Any CPU.Build.0 = Release|Any CPU
		{DA3BA189-297F-47FF-820B-4DDBFCAD425D}.Debug|Any CPU.ActiveCfg = Debug|Any CPU
		{DA3BA189-297F-47FF-820B-4DDBFCAD425D}.Debug|Any CPU.Build.0 = Debug|Any CPU
		{DA3BA189-297F-47FF-820B-4DDBFCAD425D}.Release|Any CPU.ActiveCfg = Release|Any CPU
		{DA3BA189-297F-47FF-820B-4DDBFCAD425D}.Release|Any CPU.Build.0 = Release|Any CPU
	EndGlobalSection
	GlobalSection(SolutionProperties) = preSolution
		HideSolutionNode = FALSE
	EndGlobalSection
	GlobalSection(ExtensibilityGlobals) = postSolution
		SolutionGuid = {38F33223-91D1-4603-8EB9-ADA179B7FF67}
	EndGlobalSection
EndGlobal
